
Microsoft Visual Studio Solution File, Format Version 11.00
# Visual Studio 2010
Project("{FAE04EC0-301F-11D3-BF4B-00C04F79EFBC}") = "Final Project_v2", "Assembly-CSharp.csproj", "{32C5E063-4AE6-9413-C654-570F0AE05F1B}"
EndProject
Project("{FAE04EC0-301F-11D3-BF4B-00C04F79EFBC}") = "Final Project_v2", "Assembly-CSharp-Editor.csproj", "{B57AD8D5-F2F8-1EEE-5469-0746E7BD9504}"
EndProject
Global
	GlobalSection(SolutionConfigurationPlatforms) = preSolution
		Debug|Any CPU = Debug|Any CPU
		Release|Any CPU = Release|Any CPU
	EndGlobalSection
	GlobalSection(ProjectConfigurationPlatforms) = postSolution
		{32C5E063-4AE6-9413-C654-570F0AE05F1B}.Debug|Any CPU.ActiveCfg = Debug|Any CPU
		{32C5E063-4AE6-9413-C654-570F0AE05F1B}.Debug|Any CPU.Build.0 = Debug|Any CPU
		{32C5E063-4AE6-9413-C654-570F0AE05F1B}.Release|Any CPU.ActiveCfg = Release|Any CPU
		{32C5E063-4AE6-9413-C654-570F0AE05F1B}.Release|Any CPU.Build.0 = Release|Any CPU
		{B57AD8D5-F2F8-1EEE-5469-0746E7BD9504}.Debug|Any CPU.ActiveCfg = Debug|Any CPU
		{B57AD8D5-F2F8-1EEE-5469-0746E7BD9504}.Debug|Any CPU.Build.0 = Debug|Any CPU
		{B57AD8D5-F2F8-1EEE-5469-0746E7BD9504}.Release|Any CPU.ActiveCfg = Release|Any CPU
		{B57AD8D5-F2F8-1EEE-5469-0746E7BD9504}.Release|Any CPU.Build.0 = Release|Any CPU
	EndGlobalSection
	GlobalSection(SolutionProperties) = preSolution
		HideSolutionNode = FALSE
	EndGlobalSection
	GlobalSection(MonoDevelopProperties) = preSolution
		StartupItem = Assembly-CSharp.csproj
	EndGlobalSection
EndGlobal
