
Microsoft Visual Studio Solution File, Format Version 11.00
# Visual Studio 2010
Project("{FAE04EC0-301F-11D3-BF4B-00C04F79EFBC}") = "Final Project_v3", "Assembly-CSharp.csproj", "{9FF6384E-2E5E-BCEA-DCCF-39C7CBA6A99C}"
EndProject
Project("{FAE04EC0-301F-11D3-BF4B-00C04F79EFBC}") = "Final Project_v3", "Assembly-CSharp-Editor.csproj", "{763FBE39-501A-8143-82CC-CBBB668A62E3}"
EndProject
Global
	GlobalSection(SolutionConfigurationPlatforms) = preSolution
		Debug|Any CPU = Debug|Any CPU
		Release|Any CPU = Release|Any CPU
	EndGlobalSection
	GlobalSection(ProjectConfigurationPlatforms) = postSolution
		{9FF6384E-2E5E-BCEA-DCCF-39C7CBA6A99C}.Debug|Any CPU.ActiveCfg = Debug|Any CPU
		{9FF6384E-2E5E-BCEA-DCCF-39C7CBA6A99C}.Debug|Any CPU.Build.0 = Debug|Any CPU
		{9FF6384E-2E5E-BCEA-DCCF-39C7CBA6A99C}.Release|Any CPU.ActiveCfg = Release|Any CPU
		{9FF6384E-2E5E-BCEA-DCCF-39C7CBA6A99C}.Release|Any CPU.Build.0 = Release|Any CPU
		{763FBE39-501A-8143-82CC-CBBB668A62E3}.Debug|Any CPU.ActiveCfg = Debug|Any CPU
		{763FBE39-501A-8143-82CC-CBBB668A62E3}.Debug|Any CPU.Build.0 = Debug|Any CPU
		{763FBE39-501A-8143-82CC-CBBB668A62E3}.Release|Any CPU.ActiveCfg = Release|Any CPU
		{763FBE39-501A-8143-82CC-CBBB668A62E3}.Release|Any CPU.Build.0 = Release|Any CPU
	EndGlobalSection
	GlobalSection(SolutionProperties) = preSolution
		HideSolutionNode = FALSE
	EndGlobalSection
	GlobalSection(MonoDevelopProperties) = preSolution
		StartupItem = Assembly-CSharp.csproj
	EndGlobalSection
EndGlobal
